
Microsoft Visual Studio Solution File, Format Version 12.00
# Visual Studio 2012
Project("{2150E333-8FDC-42A3-9474-1A3956D46DE8}") = "Documentation", "Documentation", "{07C58EFE-A4CF-4DA3-B505-E342A2EED0F9}"
	ProjectSection(SolutionItems) = preProject
		Documentation\Adjacents.docx = Documentation\Adjacents.docx
		Documentation\Advanced DS4 Assignment 2 2013(1).docx = Documentation\Advanced DS4 Assignment 2 2013(1).docx
		Documentation\Backtracking.htm = Documentation\Backtracking.htm
		Documentation\Flow.txt = Documentation\Flow.txt
		Documentation\Flow2.txt = Documentation\Flow2.txt
		Documentation\Flow3.txt = Documentation\Flow3.txt
		Documentation\Generating Maze using C# and .NET.htm = Documentation\Generating Maze using C# and .NET.htm
		Documentation\MazeWorks - How to Build a Maze.htm = Documentation\MazeWorks - How to Build a Maze.htm
		Documentation\Movement Control Language.vsd = Documentation\Movement Control Language.vsd
		Documentation\New Text Document.txt = Documentation\New Text Document.txt
		Documentation\Project.vsd = Documentation\Project.vsd
		Documentation\Question about storing a maze board(like 2d array) into Tree. - C _ C++.htm = Documentation\Question about storing a maze board(like 2d array) into Tree. - C _ C++.htm
		Documentation\Using This Three-Layered Services Application.htm = Documentation\Using This Three-Layered Services Application.htm
	EndProjectSection
EndProject
Project("{2150E333-8FDC-42A3-9474-1A3956D46DE8}") = "Models", "Models", "{E98CAA8A-425A-44ED-843C-215F547661C2}"
EndProject
Project("{2150E333-8FDC-42A3-9474-1A3956D46DE8}") = "Application Layer", "Application Layer", "{AA74BD5F-4CC1-45D9-9012-3D7E087CE955}"
EndProject
Project("{2150E333-8FDC-42A3-9474-1A3956D46DE8}") = "Presentation Layer", "Presentation Layer", "{482763A2-A46A-4D7F-91FC-821886CD454D}"
EndProject
Project("{2150E333-8FDC-42A3-9474-1A3956D46DE8}") = "Data Access Layer", "Data Access Layer", "{73F6C8C5-583C-41CF-8289-9A9CF22D7CA5}"
EndProject
Project("{2150E333-8FDC-42A3-9474-1A3956D46DE8}") = "Components", "Components", "{F990D9A5-F3C8-47BB-8608-06F7876A6D74}"
EndProject
Project("{FAE04EC0-301F-11D3-BF4B-00C04F79EFBC}") = "Entities", "Application Layer\Entities\Entities.csproj", "{59B97BFC-F2AA-4EF1-9527-2B86FC198ECC}"
EndProject
Project("{FAE04EC0-301F-11D3-BF4B-00C04F79EFBC}") = "RecursiveBacktracking", "Application Layer\RecursiveBacktracking\RecursiveBacktracking.csproj", "{7DBFA2CC-5641-4D61-B9A4-28C87BC63969}"
EndProject
Project("{FAE04EC0-301F-11D3-BF4B-00C04F79EFBC}") = "RecursiveBackTrackingBruteForce", "Application Layer\RecursiveBackTrackingBruteForce\RecursiveBackTrackingBruteForce.csproj", "{8EB1681E-89A9-4EC6-B683-3E249D3ACC89}"
EndProject
Project("{F088123C-0E9E-452A-89E6-6BA2F21D5CAC}") = "MazeNavigator", "Models\MazeNavigator\MazeNavigator.modelproj", "{7D2E9721-AF94-414E-B947-F96B36700656}"
EndProject
Project("{FAE04EC0-301F-11D3-BF4B-00C04F79EFBC}") = "ConsoleApplication1", "Presentation Layer\ConsoleApplication1\ConsoleApplication1.csproj", "{6F09FAED-19BA-4300-907E-7794096DA90C}"
EndProject
Project("{FAE04EC0-301F-11D3-BF4B-00C04F79EFBC}") = "WindowsFormsApplication1", "Presentation Layer\WindowsFormsApplication1\WindowsFormsApplication1.csproj", "{861AAF1B-28BC-42EC-97AC-F57C157B9A78}"
EndProject
Global
	GlobalSection(SolutionConfigurationPlatforms) = preSolution
		Debug|Any CPU = Debug|Any CPU
		Release|Any CPU = Release|Any CPU
	EndGlobalSection
	GlobalSection(ProjectConfigurationPlatforms) = postSolution
		{59B97BFC-F2AA-4EF1-9527-2B86FC198ECC}.Debug|Any CPU.ActiveCfg = Debug|Any CPU
		{59B97BFC-F2AA-4EF1-9527-2B86FC198ECC}.Debug|Any CPU.Build.0 = Debug|Any CPU
		{59B97BFC-F2AA-4EF1-9527-2B86FC198ECC}.Release|Any CPU.ActiveCfg = Release|Any CPU
		{59B97BFC-F2AA-4EF1-9527-2B86FC198ECC}.Release|Any CPU.Build.0 = Release|Any CPU
		{7DBFA2CC-5641-4D61-B9A4-28C87BC63969}.Debug|Any CPU.ActiveCfg = Debug|Any CPU
		{7DBFA2CC-5641-4D61-B9A4-28C87BC63969}.Debug|Any CPU.Build.0 = Debug|Any CPU
		{7DBFA2CC-5641-4D61-B9A4-28C87BC63969}.Release|Any CPU.ActiveCfg = Release|Any CPU
		{7DBFA2CC-5641-4D61-B9A4-28C87BC63969}.Release|Any CPU.Build.0 = Release|Any CPU
		{8EB1681E-89A9-4EC6-B683-3E249D3ACC89}.Debug|Any CPU.ActiveCfg = Debug|Any CPU
		{8EB1681E-89A9-4EC6-B683-3E249D3ACC89}.Debug|Any CPU.Build.0 = Debug|Any CPU
		{8EB1681E-89A9-4EC6-B683-3E249D3ACC89}.Release|Any CPU.ActiveCfg = Release|Any CPU
		{8EB1681E-89A9-4EC6-B683-3E249D3ACC89}.Release|Any CPU.Build.0 = Release|Any CPU
		{7D2E9721-AF94-414E-B947-F96B36700656}.Debug|Any CPU.ActiveCfg = Debug|Any CPU
		{7D2E9721-AF94-414E-B947-F96B36700656}.Debug|Any CPU.Build.0 = Debug|Any CPU
		{7D2E9721-AF94-414E-B947-F96B36700656}.Release|Any CPU.ActiveCfg = Release|Any CPU
		{7D2E9721-AF94-414E-B947-F96B36700656}.Release|Any CPU.Build.0 = Release|Any CPU
		{6F09FAED-19BA-4300-907E-7794096DA90C}.Debug|Any CPU.ActiveCfg = Debug|Any CPU
		{6F09FAED-19BA-4300-907E-7794096DA90C}.Debug|Any CPU.Build.0 = Debug|Any CPU
		{6F09FAED-19BA-4300-907E-7794096DA90C}.Release|Any CPU.ActiveCfg = Release|Any CPU
		{6F09FAED-19BA-4300-907E-7794096DA90C}.Release|Any CPU.Build.0 = Release|Any CPU
		{861AAF1B-28BC-42EC-97AC-F57C157B9A78}.Debug|Any CPU.ActiveCfg = Debug|Any CPU
		{861AAF1B-28BC-42EC-97AC-F57C157B9A78}.Debug|Any CPU.Build.0 = Debug|Any CPU
		{861AAF1B-28BC-42EC-97AC-F57C157B9A78}.Release|Any CPU.ActiveCfg = Release|Any CPU
		{861AAF1B-28BC-42EC-97AC-F57C157B9A78}.Release|Any CPU.Build.0 = Release|Any CPU
	EndGlobalSection
	GlobalSection(SolutionProperties) = preSolution
		HideSolutionNode = FALSE
	EndGlobalSection
	GlobalSection(NestedProjects) = preSolution
		{F990D9A5-F3C8-47BB-8608-06F7876A6D74} = {AA74BD5F-4CC1-45D9-9012-3D7E087CE955}
		{59B97BFC-F2AA-4EF1-9527-2B86FC198ECC} = {AA74BD5F-4CC1-45D9-9012-3D7E087CE955}
		{7DBFA2CC-5641-4D61-B9A4-28C87BC63969} = {AA74BD5F-4CC1-45D9-9012-3D7E087CE955}
		{8EB1681E-89A9-4EC6-B683-3E249D3ACC89} = {AA74BD5F-4CC1-45D9-9012-3D7E087CE955}
		{6F09FAED-19BA-4300-907E-7794096DA90C} = {482763A2-A46A-4D7F-91FC-821886CD454D}
		{861AAF1B-28BC-42EC-97AC-F57C157B9A78} = {482763A2-A46A-4D7F-91FC-821886CD454D}
		{7D2E9721-AF94-414E-B947-F96B36700656} = {E98CAA8A-425A-44ED-843C-215F547661C2}
	EndGlobalSection
EndGlobal
