
Microsoft Visual Studio Solution File, Format Version 12.00
# Visual Studio 2012
Project("{2150E333-8FDC-42A3-9474-1A3956D46DE8}") = "Documentation", "Documentation", "{07C58EFE-A4CF-4DA3-B505-E342A2EED0F9}"
	ProjectSection(SolutionItems) = preProject
		Documentation\Adjacents.docx = Documentation\Adjacents.docx
		Documentation\Advanced DS4 Assignment 2 2013(1).docx = Documentation\Advanced DS4 Assignment 2 2013(1).docx
		Documentation\Backtracking.htm = Documentation\Backtracking.htm
		Documentation\Flow.txt = Documentation\Flow.txt
		Documentation\Flow2.txt = Documentation\Flow2.txt
		Documentation\Flow3.txt = Documentation\Flow3.txt
		Documentation\Generating Maze using C# and .NET.htm = Documentation\Generating Maze using C# and .NET.htm
		Documentation\MazeWorks - How to Build a Maze.htm = Documentation\MazeWorks - How to Build a Maze.htm
		Documentation\Movement Control Language.vsd = Documentation\Movement Control Language.vsd
		Documentation\New Text Document.txt = Documentation\New Text Document.txt
		Documentation\Project.vsd = Documentation\Project.vsd
		Documentation\Question about storing a maze board(like 2d array) into Tree. - C _ C++.htm = Documentation\Question about storing a maze board(like 2d array) into Tree. - C _ C++.htm
		Documentation\Using This Three-Layered Services Application.htm = Documentation\Using This Three-Layered Services Application.htm
	EndProjectSection
EndProject
Project("{2150E333-8FDC-42A3-9474-1A3956D46DE8}") = "Models", "Models", "{E98CAA8A-425A-44ED-843C-215F547661C2}"
	ProjectSection(SolutionItems) = preProject
		Documentation\MazeNavigatorCodeMap.dgml = Documentation\MazeNavigatorCodeMap.dgml
	EndProjectSection
EndProject
Project("{2150E333-8FDC-42A3-9474-1A3956D46DE8}") = "Application Layer", "Application Layer", "{AA74BD5F-4CC1-45D9-9012-3D7E087CE955}"
EndProject
Project("{2150E333-8FDC-42A3-9474-1A3956D46DE8}") = "Presentation Layer", "Presentation Layer", "{482763A2-A46A-4D7F-91FC-821886CD454D}"
EndProject
Project("{2150E333-8FDC-42A3-9474-1A3956D46DE8}") = "Components", "Components", "{F990D9A5-F3C8-47BB-8608-06F7876A6D74}"
EndProject
Project("{F088123C-0E9E-452A-89E6-6BA2F21D5CAC}") = "MazeNavigator", "Models\MazeNavigator\MazeNavigator.modelproj", "{7D2E9721-AF94-414E-B947-F96B36700656}"
EndProject
Project("{FAE04EC0-301F-11D3-BF4B-00C04F79EFBC}") = "MazeNavigatorUI", "Presentation Layer\WindowsFormsApplication1\MazeNavigatorUI.csproj", "{861AAF1B-28BC-42EC-97AC-F57C157B9A78}"
EndProject
Project("{2150E333-8FDC-42A3-9474-1A3956D46DE8}") = "Tests", "Tests", "{0D05F401-1A5E-465D-BE8A-25E5EB27AD76}"
EndProject
Project("{2150E333-8FDC-42A3-9474-1A3956D46DE8}") = "Source", "Source", "{3F9BC60B-A12B-4319-9A53-5213A0BAF12A}"
EndProject
Project("{FAE04EC0-301F-11D3-BF4B-00C04F79EFBC}") = "Entities", "Application Layer\Source\Entities\Entities.csproj", "{59B97BFC-F2AA-4EF1-9527-2B86FC198ECC}"
EndProject
Project("{FAE04EC0-301F-11D3-BF4B-00C04F79EFBC}") = "MazeGenerator", "Application Layer\Source\MazeGenerator\MazeGenerator.csproj", "{FF379397-9300-4144-BB40-75F75F7C5ED7}"
EndProject
Project("{FAE04EC0-301F-11D3-BF4B-00C04F79EFBC}") = "MazeGenerator.Tests", "Application Layer\Tests\MazeGenerator.Tests\MazeGenerator.Tests.csproj", "{17BC0219-2518-4D97-B263-F043FD1E6B06}"
EndProject
Project("{2150E333-8FDC-42A3-9474-1A3956D46DE8}") = "Common", "Common", "{F78BE7D4-FB58-45BD-8696-EE47F93DFFC3}"
EndProject
Project("{FAE04EC0-301F-11D3-BF4B-00C04F79EFBC}") = "Diagnostics", "Common\Logger\Diagnostics.csproj", "{BAFBF14B-3A55-40D8-A676-5E8EE4A74A48}"
EndProject
Project("{FAE04EC0-301F-11D3-BF4B-00C04F79EFBC}") = "Entities.Tests", "Application Layer\Tests\Entities.Tests\Entities.Tests.csproj", "{FD5E877A-31AB-4EE9-B828-4A36EB7D37F7}"
EndProject
Project("{FAE04EC0-301F-11D3-BF4B-00C04F79EFBC}") = "Controllers", "Application Layer\Source\Components\Controllers\Controllers.csproj", "{9E96FEA3-D5FB-49F9-9939-5E8667532986}"
EndProject
Project("{FAE04EC0-301F-11D3-BF4B-00C04F79EFBC}") = "MovementControl", "Application Layer\Source\Components\MovementControl\MovementControl.csproj", "{2B8B0B71-276B-4426-A24A-F50F91DBD1D9}"
EndProject
Project("{2150E333-8FDC-42A3-9474-1A3956D46DE8}") = "Components", "Components", "{2458801C-4AF3-4448-9E20-F5E2FA7FEB17}"
EndProject
Project("{FAE04EC0-301F-11D3-BF4B-00C04F79EFBC}") = "MovementControl.Tests", "Application Layer\Tests\Components\MovementControl.Tests\MovementControl.Tests.csproj", "{E7A5F40C-D014-434D-93E5-B6144EEBCB1B}"
EndProject
Project("{FAE04EC0-301F-11D3-BF4B-00C04F79EFBC}") = "Controllers.Tests", "Application Layer\Tests\Components\Controllers.Tests\Controllers.Tests.csproj", "{BE2259D6-106E-427E-A5ED-FB39FF2E33E0}"
EndProject
Project("{FAE04EC0-301F-11D3-BF4B-00C04F79EFBC}") = "SharedEvents", "Common\SharedEvents\SharedEvents.csproj", "{E6B1767B-5547-46C3-B7FF-227703FF5AD6}"
EndProject
Project("{2150E333-8FDC-42A3-9474-1A3956D46DE8}") = "Layer Diagram", "Layer Diagram", "{9ED78555-237F-4251-A291-8E67949DBA43}"
EndProject
Project("{2150E333-8FDC-42A3-9474-1A3956D46DE8}") = "Sequence Diagrams", "Sequence Diagrams", "{4B7B3A1C-CDDC-4956-878B-FA1B85DFEE0C}"
	ProjectSection(SolutionItems) = preProject
		Application Layer\Source\Components\MovementControl\MovementControl_Parse.sequencediagram = Application Layer\Source\Components\MovementControl\MovementControl_Parse.sequencediagram
		Application Layer\Source\Components\MovementControl\MovementControl_Parse.sequencediagram.layout = Application Layer\Source\Components\MovementControl\MovementControl_Parse.sequencediagram.layout
		Presentation Layer\WindowsFormsApplication1\NavigatorUI__ArrowPositionChanged.sequencediagram = Presentation Layer\WindowsFormsApplication1\NavigatorUI__ArrowPositionChanged.sequencediagram
		Presentation Layer\WindowsFormsApplication1\NavigatorUI__ArrowPositionChanged.sequencediagram.layout = Presentation Layer\WindowsFormsApplication1\NavigatorUI__ArrowPositionChanged.sequencediagram.layout
		Presentation Layer\WindowsFormsApplication1\NavigatorUI_Initialization.sequencediagram = Presentation Layer\WindowsFormsApplication1\NavigatorUI_Initialization.sequencediagram
		Presentation Layer\WindowsFormsApplication1\NavigatorUI_Initialization.sequencediagram.layout = Presentation Layer\WindowsFormsApplication1\NavigatorUI_Initialization.sequencediagram.layout
		Presentation Layer\WindowsFormsApplication1\NavigatorUI_ProcessUserCommand.sequencediagram = Presentation Layer\WindowsFormsApplication1\NavigatorUI_ProcessUserCommand.sequencediagram
		Presentation Layer\WindowsFormsApplication1\NavigatorUI_ProcessUserCommand.sequencediagram.layout = Presentation Layer\WindowsFormsApplication1\NavigatorUI_ProcessUserCommand.sequencediagram.layout
		Presentation Layer\WindowsFormsApplication1\NewMaze.sequencediagram = Presentation Layer\WindowsFormsApplication1\NewMaze.sequencediagram
		Presentation Layer\WindowsFormsApplication1\NewMaze.sequencediagram.layout = Presentation Layer\WindowsFormsApplication1\NewMaze.sequencediagram.layout
		Application Layer\Source\Components\Controllers\UIController_GenerateNewMaze.sequencediagram = Application Layer\Source\Components\Controllers\UIController_GenerateNewMaze.sequencediagram
		Application Layer\Source\Components\Controllers\UIController_GenerateNewMaze.sequencediagram.layout = Application Layer\Source\Components\Controllers\UIController_GenerateNewMaze.sequencediagram.layout
	EndProjectSection
EndProject
Project("{2150E333-8FDC-42A3-9474-1A3956D46DE8}") = "Class Diagrams", "Class Diagrams", "{372B6D36-5D24-402F-B6D9-299257BDBDDE}"
	ProjectSection(SolutionItems) = preProject
		Application Layer\Source\Entities\ArrowStateClassDiagram.cd = Application Layer\Source\Entities\ArrowStateClassDiagram.cd
		Application Layer\Source\Components\Controllers\Controllers_ClassDiagram.cd = Application Layer\Source\Components\Controllers\Controllers_ClassDiagram.cd
		Application Layer\Source\Entities\EntitiesClassDiagram.cd = Application Layer\Source\Entities\EntitiesClassDiagram.cd
		Common\SharedEvents\Event Handler Class Diagrams.cd = Common\SharedEvents\Event Handler Class Diagrams.cd
		Common\Logger\Logger ClassDiagram.cd = Common\Logger\Logger ClassDiagram.cd
		Application Layer\Source\Entities\MazeAlgorithmGenerationClassDiagram.cd = Application Layer\Source\Entities\MazeAlgorithmGenerationClassDiagram.cd
		Application Layer\Source\Components\MovementControl\MovementControl_ClassDiagram.cd = Application Layer\Source\Components\MovementControl\MovementControl_ClassDiagram.cd
	EndProjectSection
EndProject
Project("{2150E333-8FDC-42A3-9474-1A3956D46DE8}") = "State Diagrams", "State Diagrams", "{5B60A730-6BF0-4D96-BDE2-AA699DB9A0ED}"
EndProject
Project("{2150E333-8FDC-42A3-9474-1A3956D46DE8}") = "Activity Diagrams", "Activity Diagrams", "{066FE79B-ACFA-4FC3-84D8-73A2B9D6F9CD}"
EndProject
Global
	GlobalSection(SolutionConfigurationPlatforms) = preSolution
		Debug|Any CPU = Debug|Any CPU
		Release|Any CPU = Release|Any CPU
	EndGlobalSection
	GlobalSection(ProjectConfigurationPlatforms) = postSolution
		{7D2E9721-AF94-414E-B947-F96B36700656}.Debug|Any CPU.ActiveCfg = Debug|Any CPU
		{7D2E9721-AF94-414E-B947-F96B36700656}.Debug|Any CPU.Build.0 = Debug|Any CPU
		{7D2E9721-AF94-414E-B947-F96B36700656}.Release|Any CPU.ActiveCfg = Release|Any CPU
		{7D2E9721-AF94-414E-B947-F96B36700656}.Release|Any CPU.Build.0 = Release|Any CPU
		{861AAF1B-28BC-42EC-97AC-F57C157B9A78}.Debug|Any CPU.ActiveCfg = Debug|Any CPU
		{861AAF1B-28BC-42EC-97AC-F57C157B9A78}.Debug|Any CPU.Build.0 = Debug|Any CPU
		{861AAF1B-28BC-42EC-97AC-F57C157B9A78}.Release|Any CPU.ActiveCfg = Release|Any CPU
		{861AAF1B-28BC-42EC-97AC-F57C157B9A78}.Release|Any CPU.Build.0 = Release|Any CPU
		{59B97BFC-F2AA-4EF1-9527-2B86FC198ECC}.Debug|Any CPU.ActiveCfg = Debug|Any CPU
		{59B97BFC-F2AA-4EF1-9527-2B86FC198ECC}.Debug|Any CPU.Build.0 = Debug|Any CPU
		{59B97BFC-F2AA-4EF1-9527-2B86FC198ECC}.Release|Any CPU.ActiveCfg = Release|Any CPU
		{59B97BFC-F2AA-4EF1-9527-2B86FC198ECC}.Release|Any CPU.Build.0 = Release|Any CPU
		{FF379397-9300-4144-BB40-75F75F7C5ED7}.Debug|Any CPU.ActiveCfg = Debug|Any CPU
		{FF379397-9300-4144-BB40-75F75F7C5ED7}.Debug|Any CPU.Build.0 = Debug|Any CPU
		{FF379397-9300-4144-BB40-75F75F7C5ED7}.Release|Any CPU.ActiveCfg = Release|Any CPU
		{FF379397-9300-4144-BB40-75F75F7C5ED7}.Release|Any CPU.Build.0 = Release|Any CPU
		{17BC0219-2518-4D97-B263-F043FD1E6B06}.Debug|Any CPU.ActiveCfg = Debug|Any CPU
		{17BC0219-2518-4D97-B263-F043FD1E6B06}.Debug|Any CPU.Build.0 = Debug|Any CPU
		{17BC0219-2518-4D97-B263-F043FD1E6B06}.Release|Any CPU.ActiveCfg = Release|Any CPU
		{17BC0219-2518-4D97-B263-F043FD1E6B06}.Release|Any CPU.Build.0 = Release|Any CPU
		{BAFBF14B-3A55-40D8-A676-5E8EE4A74A48}.Debug|Any CPU.ActiveCfg = Debug|Any CPU
		{BAFBF14B-3A55-40D8-A676-5E8EE4A74A48}.Debug|Any CPU.Build.0 = Debug|Any CPU
		{BAFBF14B-3A55-40D8-A676-5E8EE4A74A48}.Release|Any CPU.ActiveCfg = Release|Any CPU
		{BAFBF14B-3A55-40D8-A676-5E8EE4A74A48}.Release|Any CPU.Build.0 = Release|Any CPU
		{FD5E877A-31AB-4EE9-B828-4A36EB7D37F7}.Debug|Any CPU.ActiveCfg = Debug|Any CPU
		{FD5E877A-31AB-4EE9-B828-4A36EB7D37F7}.Debug|Any CPU.Build.0 = Debug|Any CPU
		{FD5E877A-31AB-4EE9-B828-4A36EB7D37F7}.Release|Any CPU.ActiveCfg = Release|Any CPU
		{FD5E877A-31AB-4EE9-B828-4A36EB7D37F7}.Release|Any CPU.Build.0 = Release|Any CPU
		{9E96FEA3-D5FB-49F9-9939-5E8667532986}.Debug|Any CPU.ActiveCfg = Debug|Any CPU
		{9E96FEA3-D5FB-49F9-9939-5E8667532986}.Debug|Any CPU.Build.0 = Debug|Any CPU
		{9E96FEA3-D5FB-49F9-9939-5E8667532986}.Release|Any CPU.ActiveCfg = Release|Any CPU
		{9E96FEA3-D5FB-49F9-9939-5E8667532986}.Release|Any CPU.Build.0 = Release|Any CPU
		{2B8B0B71-276B-4426-A24A-F50F91DBD1D9}.Debug|Any CPU.ActiveCfg = Debug|Any CPU
		{2B8B0B71-276B-4426-A24A-F50F91DBD1D9}.Debug|Any CPU.Build.0 = Debug|Any CPU
		{2B8B0B71-276B-4426-A24A-F50F91DBD1D9}.Release|Any CPU.ActiveCfg = Release|Any CPU
		{2B8B0B71-276B-4426-A24A-F50F91DBD1D9}.Release|Any CPU.Build.0 = Release|Any CPU
		{E7A5F40C-D014-434D-93E5-B6144EEBCB1B}.Debug|Any CPU.ActiveCfg = Debug|Any CPU
		{E7A5F40C-D014-434D-93E5-B6144EEBCB1B}.Debug|Any CPU.Build.0 = Debug|Any CPU
		{E7A5F40C-D014-434D-93E5-B6144EEBCB1B}.Release|Any CPU.ActiveCfg = Release|Any CPU
		{E7A5F40C-D014-434D-93E5-B6144EEBCB1B}.Release|Any CPU.Build.0 = Release|Any CPU
		{BE2259D6-106E-427E-A5ED-FB39FF2E33E0}.Debug|Any CPU.ActiveCfg = Debug|Any CPU
		{BE2259D6-106E-427E-A5ED-FB39FF2E33E0}.Debug|Any CPU.Build.0 = Debug|Any CPU
		{BE2259D6-106E-427E-A5ED-FB39FF2E33E0}.Release|Any CPU.ActiveCfg = Release|Any CPU
		{BE2259D6-106E-427E-A5ED-FB39FF2E33E0}.Release|Any CPU.Build.0 = Release|Any CPU
		{E6B1767B-5547-46C3-B7FF-227703FF5AD6}.Debug|Any CPU.ActiveCfg = Debug|Any CPU
		{E6B1767B-5547-46C3-B7FF-227703FF5AD6}.Debug|Any CPU.Build.0 = Debug|Any CPU
		{E6B1767B-5547-46C3-B7FF-227703FF5AD6}.Release|Any CPU.ActiveCfg = Release|Any CPU
		{E6B1767B-5547-46C3-B7FF-227703FF5AD6}.Release|Any CPU.Build.0 = Release|Any CPU
	EndGlobalSection
	GlobalSection(SolutionProperties) = preSolution
		HideSolutionNode = FALSE
	EndGlobalSection
	GlobalSection(NestedProjects) = preSolution
		{9ED78555-237F-4251-A291-8E67949DBA43} = {E98CAA8A-425A-44ED-843C-215F547661C2}
		{4B7B3A1C-CDDC-4956-878B-FA1B85DFEE0C} = {E98CAA8A-425A-44ED-843C-215F547661C2}
		{372B6D36-5D24-402F-B6D9-299257BDBDDE} = {E98CAA8A-425A-44ED-843C-215F547661C2}
		{5B60A730-6BF0-4D96-BDE2-AA699DB9A0ED} = {E98CAA8A-425A-44ED-843C-215F547661C2}
		{066FE79B-ACFA-4FC3-84D8-73A2B9D6F9CD} = {E98CAA8A-425A-44ED-843C-215F547661C2}
		{3F9BC60B-A12B-4319-9A53-5213A0BAF12A} = {AA74BD5F-4CC1-45D9-9012-3D7E087CE955}
		{0D05F401-1A5E-465D-BE8A-25E5EB27AD76} = {AA74BD5F-4CC1-45D9-9012-3D7E087CE955}
		{861AAF1B-28BC-42EC-97AC-F57C157B9A78} = {482763A2-A46A-4D7F-91FC-821886CD454D}
		{F990D9A5-F3C8-47BB-8608-06F7876A6D74} = {3F9BC60B-A12B-4319-9A53-5213A0BAF12A}
		{59B97BFC-F2AA-4EF1-9527-2B86FC198ECC} = {3F9BC60B-A12B-4319-9A53-5213A0BAF12A}
		{FF379397-9300-4144-BB40-75F75F7C5ED7} = {3F9BC60B-A12B-4319-9A53-5213A0BAF12A}
		{17BC0219-2518-4D97-B263-F043FD1E6B06} = {0D05F401-1A5E-465D-BE8A-25E5EB27AD76}
		{FD5E877A-31AB-4EE9-B828-4A36EB7D37F7} = {0D05F401-1A5E-465D-BE8A-25E5EB27AD76}
		{2458801C-4AF3-4448-9E20-F5E2FA7FEB17} = {0D05F401-1A5E-465D-BE8A-25E5EB27AD76}
		{9E96FEA3-D5FB-49F9-9939-5E8667532986} = {F990D9A5-F3C8-47BB-8608-06F7876A6D74}
		{2B8B0B71-276B-4426-A24A-F50F91DBD1D9} = {F990D9A5-F3C8-47BB-8608-06F7876A6D74}
		{BAFBF14B-3A55-40D8-A676-5E8EE4A74A48} = {F78BE7D4-FB58-45BD-8696-EE47F93DFFC3}
		{E6B1767B-5547-46C3-B7FF-227703FF5AD6} = {F78BE7D4-FB58-45BD-8696-EE47F93DFFC3}
		{E7A5F40C-D014-434D-93E5-B6144EEBCB1B} = {2458801C-4AF3-4448-9E20-F5E2FA7FEB17}
		{BE2259D6-106E-427E-A5ED-FB39FF2E33E0} = {2458801C-4AF3-4448-9E20-F5E2FA7FEB17}
		{7D2E9721-AF94-414E-B947-F96B36700656} = {9ED78555-237F-4251-A291-8E67949DBA43}
	EndGlobalSection
EndGlobal
